
Microsoft Visual Studio Solution File, Format Version 12.00
# Visual Studio Version 16
VisualStudioVersion = 16.0.31410.357
MinimumVisualStudioVersion = 10.0.40219.1
Project("{FAE04EC0-301F-11D3-BF4B-00C04F79EFBC}") = "OcelotServer", "OcelotServer\OcelotServer.csproj", "{53CCE9B3-68B7-4C3D-A617-10F390148D18}"
EndProject
Project("{FAE04EC0-301F-11D3-BF4B-00C04F79EFBC}") = "ApiServiceA", "ApiServiceA\ApiServiceA.csproj", "{4175FD46-C037-47B6-B989-99D3ED125E4D}"
EndProject
Global
	GlobalSection(SolutionConfigurationPlatforms) = preSolution
		Debug|Any CPU = Debug|Any CPU
		Release|Any CPU = Release|Any CPU
	EndGlobalSection
	GlobalSection(ProjectConfigurationPlatforms) = postSolution
		{53CCE9B3-68B7-4C3D-A617-10F390148D18}.Debug|Any CPU.ActiveCfg = Debug|Any CPU
		{53CCE9B3-68B7-4C3D-A617-10F390148D18}.Debug|Any CPU.Build.0 = Debug|Any CPU
		{53CCE9B3-68B7-4C3D-A617-10F390148D18}.Release|Any CPU.ActiveCfg = Release|Any CPU
		{53CCE9B3-68B7-4C3D-A617-10F390148D18}.Release|Any CPU.Build.0 = Release|Any CPU
		{4175FD46-C037-47B6-B989-99D3ED125E4D}.Debug|Any CPU.ActiveCfg = Debug|Any CPU
		{4175FD46-C037-47B6-B989-99D3ED125E4D}.Debug|Any CPU.Build.0 = Debug|Any CPU
		{4175FD46-C037-47B6-B989-99D3ED125E4D}.Release|Any CPU.ActiveCfg = Release|Any CPU
		{4175FD46-C037-47B6-B989-99D3ED125E4D}.Release|Any CPU.Build.0 = Release|Any CPU
	EndGlobalSection
	GlobalSection(SolutionProperties) = preSolution
		HideSolutionNode = FALSE
	EndGlobalSection
	GlobalSection(ExtensibilityGlobals) = postSolution
		SolutionGuid = {86A16E28-206E-41DC-9435-0C22B92A18F1}
	EndGlobalSection
EndGlobal
